// !$*UTF8*$!
{
	archiveVersion = 1;
	classes = {
	};
	objectVersion = 50;
	objects = {

/* Begin PBXBuildFile section */
		3F68630F2610D15D00D2165B /* AppDelegate.swift in Sources */ = {isa = PBXBuildFile; fileRef = 3F68630E2610D15D00D2165B /* AppDelegate.swift */; };
		3F6863112610D15D00D2165B /* SceneDelegate.swift in Sources */ = {isa = PBXBuildFile; fileRef = 3F6863102610D15D00D2165B /* SceneDelegate.swift */; };
		3F6863132610D15D00D2165B /* ImageListViewController.swift in Sources */ = {isa = PBXBuildFile; fileRef = 3F6863122610D15D00D2165B /* ImageListViewController.swift */; };
		3F6863162610D15D00D2165B /* Main.storyboard in Resources */ = {isa = PBXBuildFile; fileRef = 3F6863142610D15D00D2165B /* Main.storyboard */; };
		3F6863182610D15D00D2165B /* Assets.xcassets in Resources */ = {isa = PBXBuildFile; fileRef = 3F6863172610D15D00D2165B /* Assets.xcassets */; };
		3F68631B2610D15D00D2165B /* LaunchScreen.storyboard in Resources */ = {isa = PBXBuildFile; fileRef = 3F6863192610D15D00D2165B /* LaunchScreen.storyboard */; };
		3F6863262610D56400D2165B /* ImageTableViewCell.swift in Sources */ = {isa = PBXBuildFile; fileRef = 3F6863252610D56400D2165B /* ImageTableViewCell.swift */; };
		3F68632A26119B3000D2165B /* ImageCollectionViewController.swift in Sources */ = {isa = PBXBuildFile; fileRef = 3F68632926119B3000D2165B /* ImageCollectionViewController.swift */; };
		3FE9494A2611A0B0005E8832 /* ImageCollectionViewCell.swift in Sources */ = {isa = PBXBuildFile; fileRef = 3FE949492611A0B0005E8832 /* ImageCollectionViewCell.swift */; };
/* End PBXBuildFile section */

/* Begin PBXFileReference section */
		3F68630B2610D15D00D2165B /* ConcurrentImageDownload.app */ = {isa = PBXFileReference; explicitFileType = wrapper.application; includeInIndex = 0; path = ConcurrentImageDownload.app; sourceTree = BUILT_PRODUCTS_DIR; };
		3F68630E2610D15D00D2165B /* AppDelegate.swift */ = {isa = PBXFileReference; lastKnownFileType = sourcecode.swift; path = AppDelegate.swift; sourceTree = "<group>"; };
		3F6863102610D15D00D2165B /* SceneDelegate.swift */ = {isa = PBXFileReference; lastKnownFileType = sourcecode.swift; path = SceneDelegate.swift; sourceTree = "<group>"; };
		3F6863122610D15D00D2165B /* ImageListViewController.swift */ = {isa = PBXFileReference; lastKnownFileType = sourcecode.swift; path = ImageListViewController.swift; sourceTree = "<group>"; };
		3F6863152610D15D00D2165B /* Base */ = {isa = PBXFileReference; lastKnownFileType = file.storyboard; name = Base; path = Base.lproj/Main.storyboard; sourceTree = "<group>"; };
		3F6863172610D15D00D2165B /* Assets.xcassets */ = {isa = PBXFileReference; lastKnownFileType = folder.assetcatalog; path = Assets.xcassets; sourceTree = "<group>"; };
		3F68631A2610D15D00D2165B /* Base */ = {isa = PBXFileReference; lastKnownFileType = file.storyboard; name = Base; path = Base.lproj/LaunchScreen.storyboard; sourceTree = "<group>"; };
		3F68631C2610D15D00D2165B /* Info.plist */ = {isa = PBXFileReference; lastKnownFileType = text.plist.xml; path = Info.plist; sourceTree = "<group>"; };
		3F6863252610D56400D2165B /* ImageTableViewCell.swift */ = {isa = PBXFileReference; lastKnownFileType = sourcecode.swift; path = ImageTableViewCell.swift; sourceTree = "<group>"; };
		3F68632926119B3000D2165B /* ImageCollectionViewController.swift */ = {isa = PBXFileReference; lastKnownFileType = sourcecode.swift; path = ImageCollectionViewController.swift; sourceTree = "<group>"; };
		3FE949492611A0B0005E8832 /* ImageCollectionViewCell.swift */ = {isa = PBXFileReference; lastKnownFileType = sourcecode.swift; path = ImageCollectionViewCell.swift; sourceTree = "<group>"; };
/* End PBXFileReference section */

/* Begin PBXFrameworksBuildPhase section */
		3F6863082610D15D00D2165B /* Frameworks */ = {
			isa = PBXFrameworksBuildPhase;
			buildActionMask = 2147483647;
			files = (
			);
			runOnlyForDeploymentPostprocessing = 0;
		};
/* End PBXFrameworksBuildPhase section */

/* Begin PBXGroup section */
		3F6863022610D15D00D2165B = {
			isa = PBXGroup;
			children = (
				3F68630D2610D15D00D2165B /* ConcurrentImageDownload */,
				3F68630C2610D15D00D2165B /* Products */,
			);
			sourceTree = "<group>";
		};
		3F68630C2610D15D00D2165B /* Products */ = {
			isa = PBXGroup;
			children = (
				3F68630B2610D15D00D2165B /* ConcurrentImageDownload.app */,
			);
			name = Products;
			sourceTree = "<group>";
		};
		3F68630D2610D15D00D2165B /* ConcurrentImageDownload */ = {
			isa = PBXGroup;
			children = (
				3F68630E2610D15D00D2165B /* AppDelegate.swift */,
				3F6863172610D15D00D2165B /* Assets.xcassets */,
				3F68632E26119B3B00D2165B /* Cells */,
				3F68631C2610D15D00D2165B /* Info.plist */,
				3F6863102610D15D00D2165B /* SceneDelegate.swift */,
				3F68632F26119B4A00D2165B /* Storyboards */,
				3F68632C26119B3500D2165B /* VCs */,
			);
			path = ConcurrentImageDownload;
			sourceTree = "<group>";
		};
		3F68632C26119B3500D2165B /* VCs */ = {
			isa = PBXGroup;
			children = (
				3F6863122610D15D00D2165B /* ImageListViewController.swift */,
				3F68632926119B3000D2165B /* ImageCollectionViewController.swift */,
			);
			path = VCs;
			sourceTree = "<group>";
		};
		3F68632E26119B3B00D2165B /* Cells */ = {
			isa = PBXGroup;
			children = (
				3F6863252610D56400D2165B /* ImageTableViewCell.swift */,
				3FE949492611A0B0005E8832 /* ImageCollectionViewCell.swift */,
			);
			path = Cells;
			sourceTree = "<group>";
		};
		3F68632F26119B4A00D2165B /* Storyboards */ = {
			isa = PBXGroup;
			children = (
				3F6863192610D15D00D2165B /* LaunchScreen.storyboard */,
				3F6863142610D15D00D2165B /* Main.storyboard */,
			);
			path = Storyboards;
			sourceTree = "<group>";
		};
/* End PBXGroup section */

/* Begin PBXNativeTarget section */
		3F68630A2610D15D00D2165B /* ConcurrentImageDownload */ = {
			isa = PBXNativeTarget;
			buildConfigurationList = 3F68631F2610D15D00D2165B /* Build configuration list for PBXNativeTarget "ConcurrentImageDownload" */;
			buildPhases = (
				3F6863072610D15D00D2165B /* Sources */,
				3F6863082610D15D00D2165B /* Frameworks */,
				3F6863092610D15D00D2165B /* Resources */,
			);
			buildRules = (
			);
			dependencies = (
			);
			name = ConcurrentImageDownload;
			productName = ConcurrentImageDownload;
			productReference = 3F68630B2610D15D00D2165B /* ConcurrentImageDownload.app */;
			productType = "com.apple.product-type.application";
		};
/* End PBXNativeTarget section */

/* Begin PBXProject section */
		3F6863032610D15D00D2165B /* Project object */ = {
			isa = PBXProject;
			attributes = {
				LastSwiftUpdateCheck = 1240;
				LastUpgradeCheck = 1240;
				TargetAttributes = {
					3F68630A2610D15D00D2165B = {
						CreatedOnToolsVersion = 12.4;
					};
				};
			};
			buildConfigurationList = 3F6863062610D15D00D2165B /* Build configuration list for PBXProject "ConcurrentImageDownload" */;
			compatibilityVersion = "Xcode 9.3";
			developmentRegion = en;
			hasScannedForEncodings = 0;
			knownRegions = (
				en,
				Base,
			);
			mainGroup = 3F6863022610D15D00D2165B;
			productRefGroup = 3F68630C2610D15D00D2165B /* Products */;
			projectDirPath = "";
			projectRoot = "";
			targets = (
				3F68630A2610D15D00D2165B /* ConcurrentImageDownload */,
			);
		};
/* End PBXProject section */

/* Begin PBXResourcesBuildPhase section */
		3F6863092610D15D00D2165B /* Resources */ = {
			isa = PBXResourcesBuildPhase;
			buildActionMask = 2147483647;
			files = (
				3F68631B2610D15D00D2165B /* LaunchScreen.storyboard in Resources */,
				3F6863182610D15D00D2165B /* Assets.xcassets in Resources */,
				3F6863162610D15D00D2165B /* Main.storyboard in Resources */,
			);
			runOnlyForDeploymentPostprocessing = 0;
		};
/* End PBXResourcesBuildPhase section */

/* Begin PBXSourcesBuildPhase section */
		3F6863072610D15D00D2165B /* Sources */ = {
			isa = PBXSourcesBuildPhase;
			buildActionMask = 2147483647;
			files = (
				3FE9494A2611A0B0005E8832 /* ImageCollectionViewCell.swift in Sources */,
				3F68632A26119B3000D2165B /* ImageCollectionViewController.swift in Sources */,
				3F6863132610D15D00D2165B /* ImageListViewController.swift in Sources */,
				3F6863262610D56400D2165B /* ImageTableViewCell.swift in Sources */,
				3F68630F2610D15D00D2165B /* AppDelegate.swift in Sources */,
				3F6863112610D15D00D2165B /* SceneDelegate.swift in Sources */,
			);
			runOnlyForDeploymentPostprocessing = 0;
		};
/* End PBXSourcesBuildPhase section */

/* Begin PBXVariantGroup section */
		3F6863142610D15D00D2165B /* Main.storyboard */ = {
			isa = PBXVariantGroup;
			children = (
				3F6863152610D15D00D2165B /* Base */,
			);
			name = Main.storyboard;
			sourceTree = "<group>";
		};
		3F6863192610D15D00D2165B /* LaunchScreen.storyboard */ = {
			isa = PBXVariantGroup;
			children = (
				3F68631A2610D15D00D2165B /* Base */,
			);
			name = LaunchScreen.storyboard;
			sourceTree = "<group>";
		};
/* End PBXVariantGroup section */

/* Begin XCBuildConfiguration section */
		3F68631D2610D15D00D2165B /* Debug */ = {
			isa = XCBuildConfiguration;
			buildSettings = {
				ALWAYS_SEARCH_USER_PATHS = NO;
				CLANG_ANALYZER_NONNULL = YES;
				CLANG_ANALYZER_NUMBER_OBJECT_CONVERSION = YES_AGGRESSIVE;
				CLANG_CXX_LANGUAGE_STANDARD = "gnu++14";
				CLANG_CXX_LIBRARY = "libc++";
				CLANG_ENABLE_MODULES = YES;
				CLANG_ENABLE_OBJC_ARC = YES;
				CLANG_ENABLE_OBJC_WEAK = YES;
				CLANG_WARN_BLOCK_CAPTURE_AUTORELEASING = YES;
				CLANG_WARN_BOOL_CONVERSION = YES;
				CLANG_WARN_COMMA = YES;
				CLANG_WARN_CONSTANT_CONVERSION = YES;
				CLANG_WARN_DEPRECATED_OBJC_IMPLEMENTATIONS = YES;
				CLANG_WARN_DIRECT_OBJC_ISA_USAGE = YES_ERROR;
				CLANG_WARN_DOCUMENTATION_COMMENTS = YES;
				CLANG_WARN_EMPTY_BODY = YES;
				CLANG_WARN_ENUM_CONVERSION = YES;
				CLANG_WARN_INFINITE_RECURSION = YES;
				CLANG_WARN_INT_CONVERSION = YES;
				CLANG_WARN_NON_LITERAL_NULL_CONVERSION = YES;
				CLANG_WARN_OBJC_IMPLICIT_RETAIN_SELF = YES;
				CLANG_WARN_OBJC_LITERAL_CONVERSION = YES;
				CLANG_WARN_OBJC_ROOT_CLASS = YES_ERROR;
				CLANG_WARN_QUOTED_INCLUDE_IN_FRAMEWORK_HEADER = YES;
				CLANG_WARN_RANGE_LOOP_ANALYSIS = YES;
				CLANG_WARN_STRICT_PROTOTYPES = YES;
				CLANG_WARN_SUSPICIOUS_MOVE = YES;
				CLANG_WARN_UNGUARDED_AVAILABILITY = YES_AGGRESSIVE;
				CLANG_WARN_UNREACHABLE_CODE = YES;
				CLANG_WARN__DUPLICATE_METHOD_MATCH = YES;
				COPY_PHASE_STRIP = NO;
				DEBUG_INFORMATION_FORMAT = dwarf;
				ENABLE_STRICT_OBJC_MSGSEND = YES;
				ENABLE_TESTABILITY = YES;
				GCC_C_LANGUAGE_STANDARD = gnu11;
				GCC_DYNAMIC_NO_PIC = NO;
				GCC_NO_COMMON_BLOCKS = YES;
				GCC_OPTIMIZATION_LEVEL = 0;
				GCC_PREPROCESSOR_DEFINITIONS = (
					"DEBUG=1",
					"$(inherited)",
				);
				GCC_WARN_64_TO_32_BIT_CONVERSION = YES;
				GCC_WARN_ABOUT_RETURN_TYPE = YES_ERROR;
				GCC_WARN_UNDECLARED_SELECTOR = YES;
				GCC_WARN_UNINITIALIZED_AUTOS = YES_AGGRESSIVE;
				GCC_WARN_UNUSED_FUNCTION = YES;
				GCC_WARN_UNUSED_VARIABLE = YES;
				IPHONEOS_DEPLOYMENT_TARGET = 14.4;
				MTL_ENABLE_DEBUG_INFO = INCLUDE_SOURCE;
				MTL_FAST_MATH = YES;
				ONLY_ACTIVE_ARCH = YES;
				SDKROOT = iphoneos;
				SWIFT_ACTIVE_COMPILATION_CONDITIONS = DEBUG;
				SWIFT_OPTIMIZATION_LEVEL = "-Onone";
			};
			name = Debug;
		};
		3F68631E2610D15D00D2165B /* Release */ = {
			isa = XCBuildConfiguration;
			buildSettings = {
				ALWAYS_SEARCH_USER_PATHS = NO;
				CLANG_ANALYZER_NONNULL = YES;
				CLANG_ANALYZER_NUMBER_OBJECT_CONVERSION = YES_AGGRESSIVE;
				CLANG_CXX_LANGUAGE_STANDARD = "gnu++14";
				CLANG_CXX_LIBRARY = "libc++";
				CLANG_ENABLE_MODULES = YES;
				CLANG_ENABLE_OBJC_ARC = YES;
				CLANG_ENABLE_OBJC_WEAK = YES;
				CLANG_WARN_BLOCK_CAPTURE_AUTORELEASING = YES;
				CLANG_WARN_BOOL_CONVERSION = YES;
				CLANG_WARN_COMMA = YES;
				CLANG_WARN_CONSTANT_CONVERSION = YES;
				CLANG_WARN_DEPRECATED_OBJC_IMPLEMENTATIONS = YES;
				CLANG_WARN_DIRECT_OBJC_ISA_USAGE = YES_ERROR;
				CLANG_WARN_DOCUMENTATION_COMMENTS = YES;
				CLANG_WARN_EMPTY_BODY = YES;
				CLANG_WARN_ENUM_CONVERSION = YES;
				CLANG_WARN_INFINITE_RECURSION = YES;
				CLANG_WARN_INT_CONVERSION = YES;
				CLANG_WARN_NON_LITERAL_NULL_CONVERSION = YES;
				CLANG_WARN_OBJC_IMPLICIT_RETAIN_SELF = YES;
				CLANG_WARN_OBJC_LITERAL_CONVERSION = YES;
				CLANG_WARN_OBJC_ROOT_CLASS = YES_ERROR;
				CLANG_WARN_QUOTED_INCLUDE_IN_FRAMEWORK_HEADER = YES;
				CLANG_WARN_RANGE_LOOP_ANALYSIS = YES;
				CLANG_WARN_STRICT_PROTOTYPES = YES;
				CLANG_WARN_SUSPICIOUS_MOVE = YES;
				CLANG_WARN_UNGUARDED_AVAILABILITY = YES_AGGRESSIVE;
				CLANG_WARN_UNREACHABLE_CODE = YES;
				CLANG_WARN__DUPLICATE_METHOD_MATCH = YES;
				COPY_PHASE_STRIP = NO;
				DEBUG_INFORMATION_FORMAT = "dwarf-with-dsym";
				ENABLE_NS_ASSERTIONS = NO;
				ENABLE_STRICT_OBJC_MSGSEND = YES;
				GCC_C_LANGUAGE_STANDARD = gnu11;
				GCC_NO_COMMON_BLOCKS = YES;
				GCC_WARN_64_TO_32_BIT_CONVERSION = YES;
				GCC_WARN_ABOUT_RETURN_TYPE = YES_ERROR;
				GCC_WARN_UNDECLARED_SELECTOR = YES;
				GCC_WARN_UNINITIALIZED_AUTOS = YES_AGGRESSIVE;
				GCC_WARN_UNUSED_FUNCTION = YES;
				GCC_WARN_UNUSED_VARIABLE = YES;
				IPHONEOS_DEPLOYMENT_TARGET = 14.4;
				MTL_ENABLE_DEBUG_INFO = NO;
				MTL_FAST_MATH = YES;
				SDKROOT = iphoneos;
				SWIFT_COMPILATION_MODE = wholemodule;
				SWIFT_OPTIMIZATION_LEVEL = "-O";
				VALIDATE_PRODUCT = YES;
			};
			name = Release;
		};
		3F6863202610D15D00D2165B /* Debug */ = {
			isa = XCBuildConfiguration;
			buildSettings = {
				ASSETCATALOG_COMPILER_APPICON_NAME = AppIcon;
				ASSETCATALOG_COMPILER_GLOBAL_ACCENT_COLOR_NAME = AccentColor;
				CODE_SIGN_STYLE = Automatic;
				DEVELOPMENT_TEAM = FH9R39U9P3;
				INFOPLIST_FILE = ConcurrentImageDownload/Info.plist;
				LD_RUNPATH_SEARCH_PATHS = (
					"$(inherited)",
					"@executable_path/Frameworks",
				);
				PRODUCT_BUNDLE_IDENTIFIER = com.wcgb..ConcurrentImageDownload;
				PRODUCT_NAME = "$(TARGET_NAME)";
				SWIFT_VERSION = 5.0;
				TARGETED_DEVICE_FAMILY = "1,2";
			};
			name = Debug;
		};
		3F6863212610D15D00D2165B /* Release */ = {
			isa = XCBuildConfiguration;
			buildSettings = {
				ASSETCATALOG_COMPILER_APPICON_NAME = AppIcon;
				ASSETCATALOG_COMPILER_GLOBAL_ACCENT_COLOR_NAME = AccentColor;
				CODE_SIGN_STYLE = Automatic;
				DEVELOPMENT_TEAM = FH9R39U9P3;
				INFOPLIST_FILE = ConcurrentImageDownload/Info.plist;
				LD_RUNPATH_SEARCH_PATHS = (
					"$(inherited)",
					"@executable_path/Frameworks",
				);
				PRODUCT_BUNDLE_IDENTIFIER = com.wcgb..ConcurrentImageDownload;
				PRODUCT_NAME = "$(TARGET_NAME)";
				SWIFT_VERSION = 5.0;
				TARGETED_DEVICE_FAMILY = "1,2";
			};
			name = Release;
		};
/* End XCBuildConfiguration section */

/* Begin XCConfigurationList section */
		3F6863062610D15D00D2165B /* Build configuration list for PBXProject "ConcurrentImageDownload" */ = {
			isa = XCConfigurationList;
			buildConfigurations = (
				3F68631D2610D15D00D2165B /* Debug */,
				3F68631E2610D15D00D2165B /* Release */,
			);
			defaultConfigurationIsVisible = 0;
			defaultConfigurationName = Release;
		};
		3F68631F2610D15D00D2165B /* Build configuration list for PBXNativeTarget "ConcurrentImageDownload" */ = {
			isa = XCConfigurationList;
			buildConfigurations = (
				3F6863202610D15D00D2165B /* Debug */,
				3F6863212610D15D00D2165B /* Release */,
			);
			defaultConfigurationIsVisible = 0;
			defaultConfigurationName = Release;
		};
/* End XCConfigurationList section */
	};
	rootObject = 3F6863032610D15D00D2165B /* Project object */;
}
